// !$*UTF8*$!
{
	archiveVersion = 1;
	classes = {
	};
	objectVersion = 50;
	objects = {

/* Begin PBXBuildFile section */
		0663D8D0B1076D8656BE25A2 /* libPods-MarvelApp.a in Frameworks */ = {isa = PBXBuildFile; fileRef = B6FEA22EDD8079E9CECE8A55 /* libPods-MarvelApp.a */; };
		1B5D76C00A0BDEB6B19DC162 /* libPods-MarvelApp-MarvelAppUITests.a in Frameworks */ = {isa = PBXBuildFile; fileRef = 2FB08F242BEE716AB24CDA17 /* libPods-MarvelApp-MarvelAppUITests.a */; };
		3F73BD31FF449331D3ECF948 /* libPods-MarvelAppTests.a in Frameworks */ = {isa = PBXBuildFile; fileRef = 10D6C3A5CD1F854CB630CB9F /* libPods-MarvelAppTests.a */; };
		EF1F16B12432932400D9FF19 /* AppDelegate.swift in Sources */ = {isa = PBXBuildFile; fileRef = EF1F16B02432932400D9FF19 /* AppDelegate.swift */; };
		EF1F16B32432932400D9FF19 /* SceneDelegate.swift in Sources */ = {isa = PBXBuildFile; fileRef = EF1F16B22432932400D9FF19 /* SceneDelegate.swift */; };
		EF1F16B82432932400D9FF19 /* Main.storyboard in Resources */ = {isa = PBXBuildFile; fileRef = EF1F16B62432932400D9FF19 /* Main.storyboard */; };
		EF1F16BA2432932600D9FF19 /* Assets.xcassets in Resources */ = {isa = PBXBuildFile; fileRef = EF1F16B92432932600D9FF19 /* Assets.xcassets */; };
		EF1F16BD2432932600D9FF19 /* LaunchScreen.storyboard in Resources */ = {isa = PBXBuildFile; fileRef = EF1F16BB2432932600D9FF19 /* LaunchScreen.storyboard */; };
		EF1F16D32432932600D9FF19 /* MarvelAppUITests.swift in Sources */ = {isa = PBXBuildFile; fileRef = EF1F16D22432932600D9FF19 /* MarvelAppUITests.swift */; };
		EF1F176D2433956800D9FF19 /* UIViewController+Extensions.swift in Sources */ = {isa = PBXBuildFile; fileRef = EF1F176C2433956800D9FF19 /* UIViewController+Extensions.swift */; };
		EF1F17802434D33700D9FF19 /* ListTests.swift in Sources */ = {isa = PBXBuildFile; fileRef = EF1F177F2434D33700D9FF19 /* ListTests.swift */; };
		EF1F17822434D72E00D9FF19 /* ListUITests.swift in Sources */ = {isa = PBXBuildFile; fileRef = EF1F17812434D72E00D9FF19 /* ListUITests.swift */; };
		EF65E2FE2453223400EC15E3 /* Comics.swift in Sources */ = {isa = PBXBuildFile; fileRef = EF65E2FD2453223400EC15E3 /* Comics.swift */; };
		EF65E306245340B600EC15E3 /* ItemDetailTableViewCell.swift in Sources */ = {isa = PBXBuildFile; fileRef = EF65E304245340B600EC15E3 /* ItemDetailTableViewCell.swift */; };
		EF65E307245340B600EC15E3 /* ItemDetailTableViewCell.xib in Resources */ = {isa = PBXBuildFile; fileRef = EF65E305245340B600EC15E3 /* ItemDetailTableViewCell.xib */; };
		EF96A535244663B200D6A983 /* Dictionary+queryString.swift in Sources */ = {isa = PBXBuildFile; fileRef = EF96A534244663B200D6A983 /* Dictionary+queryString.swift */; };
		EF96A5382446649500D6A983 /* MarvelData.swift in Sources */ = {isa = PBXBuildFile; fileRef = EF96A5372446649500D6A983 /* MarvelData.swift */; };
		EF96A53A244665F000D6A983 /* CharacterURL.swift in Sources */ = {isa = PBXBuildFile; fileRef = EF96A539244665F000D6A983 /* CharacterURL.swift */; };
		EF96A53C2446667A00D6A983 /* ServerError.swift in Sources */ = {isa = PBXBuildFile; fileRef = EF96A53B2446667A00D6A983 /* ServerError.swift */; };
		EF96A53E244666AB00D6A983 /* MarvelInfo.swift in Sources */ = {isa = PBXBuildFile; fileRef = EF96A53D244666AB00D6A983 /* MarvelInfo.swift */; };
		EF96A5402446676800D6A983 /* Character.swift in Sources */ = {isa = PBXBuildFile; fileRef = EF96A53F2446676800D6A983 /* Character.swift */; };
		EF96A542244667CF00D6A983 /* Thumbnail.swift in Sources */ = {isa = PBXBuildFile; fileRef = EF96A541244667CF00D6A983 /* Thumbnail.swift */; };
		EF96A545244670C400D6A983 /* Response.swift in Sources */ = {isa = PBXBuildFile; fileRef = EF96A544244670C400D6A983 /* Response.swift */; };
		EF96A5472446715C00D6A983 /* Request.swift in Sources */ = {isa = PBXBuildFile; fileRef = EF96A5462446715C00D6A983 /* Request.swift */; };
		EF96A549244671D900D6A983 /* RequestCharacter.swift in Sources */ = {isa = PBXBuildFile; fileRef = EF96A548244671D900D6A983 /* RequestCharacter.swift */; };
		EF96A54C24476AEB00D6A983 /* CharactersTableViewCell.swift in Sources */ = {isa = PBXBuildFile; fileRef = EF96A54A24476AEB00D6A983 /* CharactersTableViewCell.swift */; };
		EF96A54D24476AEB00D6A983 /* CharactersTableViewCell.xib in Resources */ = {isa = PBXBuildFile; fileRef = EF96A54B24476AEB00D6A983 /* CharactersTableViewCell.xib */; };
		EF96A5532447C8B100D6A983 /* CharacterViewController.swift in Sources */ = {isa = PBXBuildFile; fileRef = EF96A5522447C8B100D6A983 /* CharacterViewController.swift */; };
		EF96A5552449ED0B00D6A983 /* UIBaseViewController.swift in Sources */ = {isa = PBXBuildFile; fileRef = EF96A5542449ED0B00D6A983 /* UIBaseViewController.swift */; };
		EF9B3BF6244611110087DFD9 /* ViewController.swift in Sources */ = {isa = PBXBuildFile; fileRef = EF9B3BF5244611110087DFD9 /* ViewController.swift */; };
		EF9B3BFD2446452F0087DFD9 /* Constants.swift in Sources */ = {isa = PBXBuildFile; fileRef = EF9B3BFC2446452F0087DFD9 /* Constants.swift */; };
		EF9B3C04244645840087DFD9 /* AvenirLTStd-Heavy.otf in Resources */ = {isa = PBXBuildFile; fileRef = EF9B3C00244645830087DFD9 /* AvenirLTStd-Heavy.otf */; };
		EF9B3C05244645840087DFD9 /* AvenirLTStd-Light.otf in Resources */ = {isa = PBXBuildFile; fileRef = EF9B3C01244645830087DFD9 /* AvenirLTStd-Light.otf */; };
		EF9B3C06244645840087DFD9 /* AvenirLTStd-Black.otf in Resources */ = {isa = PBXBuildFile; fileRef = EF9B3C02244645840087DFD9 /* AvenirLTStd-Black.otf */; };
		EF9B3C07244645840087DFD9 /* AvenirLTStd-Medium.otf in Resources */ = {isa = PBXBuildFile; fileRef = EF9B3C03244645840087DFD9 /* AvenirLTStd-Medium.otf */; };
		EF9B3C09244645D60087DFD9 /* Fonts.swift in Sources */ = {isa = PBXBuildFile; fileRef = EF9B3C08244645D60087DFD9 /* Fonts.swift */; };
		EF9B3C0C244645FC0087DFD9 /* Color+Extension.swift in Sources */ = {isa = PBXBuildFile; fileRef = EF9B3C0B244645FC0087DFD9 /* Color+Extension.swift */; };
		EF9B3C0E244646270087DFD9 /* Theme.swift in Sources */ = {isa = PBXBuildFile; fileRef = EF9B3C0D244646270087DFD9 /* Theme.swift */; };
		EF9B3C12244661770087DFD9 /* MarvelAPI.swift in Sources */ = {isa = PBXBuildFile; fileRef = EF9B3C11244661770087DFD9 /* MarvelAPI.swift */; };
		EFB37D142457451D0072ECD7 /* md5.swift in Sources */ = {isa = PBXBuildFile; fileRef = EFB37D132457451C0072ECD7 /* md5.swift */; };
		EFB37D16245769AD0072ECD7 /* Items.swift in Sources */ = {isa = PBXBuildFile; fileRef = EFB37D15245769AC0072ECD7 /* Items.swift */; };
		EFB37D1824578CC50072ECD7 /* ComicData.storyboard in Resources */ = {isa = PBXBuildFile; fileRef = EFB37D1724578CC50072ECD7 /* ComicData.storyboard */; };
		EFB37D1A24578CFD0072ECD7 /* ComicDataViewController.swift in Sources */ = {isa = PBXBuildFile; fileRef = EFB37D1924578CFD0072ECD7 /* ComicDataViewController.swift */; };
		EFB37D1C2457B7320072ECD7 /* RequestComic.swift in Sources */ = {isa = PBXBuildFile; fileRef = EFB37D1B2457B7320072ECD7 /* RequestComic.swift */; };
		EFB37D1E245910F40072ECD7 /* Comic.swift in Sources */ = {isa = PBXBuildFile; fileRef = EFB37D1D245910F40072ECD7 /* Comic.swift */; };
		EFB37D202459114B0072ECD7 /* Prices.swift in Sources */ = {isa = PBXBuildFile; fileRef = EFB37D1F2459114B0072ECD7 /* Prices.swift */; };
/* End PBXBuildFile section */

/* Begin PBXContainerItemProxy section */
		EF1F16C42432932600D9FF19 /* PBXContainerItemProxy */ = {
			isa = PBXContainerItemProxy;
			containerPortal = EF1F16A52432932400D9FF19 /* Project object */;
			proxyType = 1;
			remoteGlobalIDString = EF1F16AC2432932400D9FF19;
			remoteInfo = MarvelApp;
		};
		EF1F16CF2432932600D9FF19 /* PBXContainerItemProxy */ = {
			isa = PBXContainerItemProxy;
			containerPortal = EF1F16A52432932400D9FF19 /* Project object */;
			proxyType = 1;
			remoteGlobalIDString = EF1F16AC2432932400D9FF19;
			remoteInfo = MarvelApp;
		};
/* End PBXContainerItemProxy section */

/* Begin PBXFileReference section */
		10D6C3A5CD1F854CB630CB9F /* libPods-MarvelAppTests.a */ = {isa = PBXFileReference; explicitFileType = archive.ar; includeInIndex = 0; path = "libPods-MarvelAppTests.a"; sourceTree = BUILT_PRODUCTS_DIR; };
		2FB08F242BEE716AB24CDA17 /* libPods-MarvelApp-MarvelAppUITests.a */ = {isa = PBXFileReference; explicitFileType = archive.ar; includeInIndex = 0; path = "libPods-MarvelApp-MarvelAppUITests.a"; sourceTree = BUILT_PRODUCTS_DIR; };
		55790842D7A394BCB9C0E6A1 /* Pods-MarvelApp.debug.xcconfig */ = {isa = PBXFileReference; includeInIndex = 1; lastKnownFileType = text.xcconfig; name = "Pods-MarvelApp.debug.xcconfig"; path = "Target Support Files/Pods-MarvelApp/Pods-MarvelApp.debug.xcconfig"; sourceTree = "<group>"; };
		59610BAC563C780E4BDCD674 /* Pods-MarvelAppUITests.debug.xcconfig */ = {isa = PBXFileReference; includeInIndex = 1; lastKnownFileType = text.xcconfig; name = "Pods-MarvelAppUITests.debug.xcconfig"; path = "Target Support Files/Pods-MarvelAppUITests/Pods-MarvelAppUITests.debug.xcconfig"; sourceTree = "<group>"; };
		5A27AF7B5FC742CD841EA9C5 /* Pods-MarvelAppTests.debug.xcconfig */ = {isa = PBXFileReference; includeInIndex = 1; lastKnownFileType = text.xcconfig; name = "Pods-MarvelAppTests.debug.xcconfig"; path = "Target Support Files/Pods-MarvelAppTests/Pods-MarvelAppTests.debug.xcconfig"; sourceTree = "<group>"; };
		6B56CAF2245243E70EF09728 /* Pods-MarvelAppUITests.release.xcconfig */ = {isa = PBXFileReference; includeInIndex = 1; lastKnownFileType = text.xcconfig; name = "Pods-MarvelAppUITests.release.xcconfig"; path = "Target Support Files/Pods-MarvelAppUITests/Pods-MarvelAppUITests.release.xcconfig"; sourceTree = "<group>"; };
		8A2055F6B9FDB88EB17E1504 /* Pods-MarvelApp.release.xcconfig */ = {isa = PBXFileReference; includeInIndex = 1; lastKnownFileType = text.xcconfig; name = "Pods-MarvelApp.release.xcconfig"; path = "Target Support Files/Pods-MarvelApp/Pods-MarvelApp.release.xcconfig"; sourceTree = "<group>"; };
		9DB2466039749DE4B484E8CC /* Pods-MarvelApp-MarvelAppUITests.debug.xcconfig */ = {isa = PBXFileReference; includeInIndex = 1; lastKnownFileType = text.xcconfig; name = "Pods-MarvelApp-MarvelAppUITests.debug.xcconfig"; path = "Target Support Files/Pods-MarvelApp-MarvelAppUITests/Pods-MarvelApp-MarvelAppUITests.debug.xcconfig"; sourceTree = "<group>"; };
		AFB028B5D9E81DB4AA4FC15B /* Pods-MarvelAppTests.release.xcconfig */ = {isa = PBXFileReference; includeInIndex = 1; lastKnownFileType = text.xcconfig; name = "Pods-MarvelAppTests.release.xcconfig"; path = "Target Support Files/Pods-MarvelAppTests/Pods-MarvelAppTests.release.xcconfig"; sourceTree = "<group>"; };
		B6FEA22EDD8079E9CECE8A55 /* libPods-MarvelApp.a */ = {isa = PBXFileReference; explicitFileType = archive.ar; includeInIndex = 0; path = "libPods-MarvelApp.a"; sourceTree = BUILT_PRODUCTS_DIR; };
		EF1F16AD2432932400D9FF19 /* MarvelApp.app */ = {isa = PBXFileReference; explicitFileType = wrapper.application; includeInIndex = 0; path = MarvelApp.app; sourceTree = BUILT_PRODUCTS_DIR; };
		EF1F16B02432932400D9FF19 /* AppDelegate.swift */ = {isa = PBXFileReference; lastKnownFileType = sourcecode.swift; path = AppDelegate.swift; sourceTree = "<group>"; };
		EF1F16B22432932400D9FF19 /* SceneDelegate.swift */ = {isa = PBXFileReference; lastKnownFileType = sourcecode.swift; path = SceneDelegate.swift; sourceTree = "<group>"; };
		EF1F16B72432932400D9FF19 /* Base */ = {isa = PBXFileReference; lastKnownFileType = file.storyboard; name = Base; path = Base.lproj/Main.storyboard; sourceTree = "<group>"; };
		EF1F16B92432932600D9FF19 /* Assets.xcassets */ = {isa = PBXFileReference; lastKnownFileType = folder.assetcatalog; path = Assets.xcassets; sourceTree = "<group>"; };
		EF1F16BC2432932600D9FF19 /* Base */ = {isa = PBXFileReference; lastKnownFileType = file.storyboard; name = Base; path = Base.lproj/LaunchScreen.storyboard; sourceTree = "<group>"; };
		EF1F16BE2432932600D9FF19 /* Info.plist */ = {isa = PBXFileReference; lastKnownFileType = text.plist.xml; path = Info.plist; sourceTree = "<group>"; };
		EF1F16C32432932600D9FF19 /* MarvelAppTests.xctest */ = {isa = PBXFileReference; explicitFileType = wrapper.cfbundle; includeInIndex = 0; path = MarvelAppTests.xctest; sourceTree = BUILT_PRODUCTS_DIR; };
		EF1F16C92432932600D9FF19 /* Info.plist */ = {isa = PBXFileReference; lastKnownFileType = text.plist.xml; path = Info.plist; sourceTree = "<group>"; };
		EF1F16CE2432932600D9FF19 /* MarvelAppUITests.xctest */ = {isa = PBXFileReference; explicitFileType = wrapper.cfbundle; includeInIndex = 0; path = MarvelAppUITests.xctest; sourceTree = BUILT_PRODUCTS_DIR; };
		EF1F16D22432932600D9FF19 /* MarvelAppUITests.swift */ = {isa = PBXFileReference; lastKnownFileType = sourcecode.swift; path = MarvelAppUITests.swift; sourceTree = "<group>"; };
		EF1F16D42432932600D9FF19 /* Info.plist */ = {isa = PBXFileReference; lastKnownFileType = text.plist.xml; path = Info.plist; sourceTree = "<group>"; };
		EF1F176C2433956800D9FF19 /* UIViewController+Extensions.swift */ = {isa = PBXFileReference; lastKnownFileType = sourcecode.swift; path = "UIViewController+Extensions.swift"; sourceTree = "<group>"; };
		EF1F177F2434D33700D9FF19 /* ListTests.swift */ = {isa = PBXFileReference; lastKnownFileType = sourcecode.swift; path = ListTests.swift; sourceTree = "<group>"; };
		EF1F17812434D72E00D9FF19 /* ListUITests.swift */ = {isa = PBXFileReference; lastKnownFileType = sourcecode.swift; path = ListUITests.swift; sourceTree = "<group>"; };
		EF65E2FD2453223400EC15E3 /* Comics.swift */ = {isa = PBXFileReference; lastKnownFileType = sourcecode.swift; path = Comics.swift; sourceTree = "<group>"; };
		EF65E304245340B600EC15E3 /* ItemDetailTableViewCell.swift */ = {isa = PBXFileReference; lastKnownFileType = sourcecode.swift; path = ItemDetailTableViewCell.swift; sourceTree = "<group>"; };
		EF65E305245340B600EC15E3 /* ItemDetailTableViewCell.xib */ = {isa = PBXFileReference; lastKnownFileType = file.xib; path = ItemDetailTableViewCell.xib; sourceTree = "<group>"; };
		EF96A534244663B200D6A983 /* Dictionary+queryString.swift */ = {isa = PBXFileReference; lastKnownFileType = sourcecode.swift; path = "Dictionary+queryString.swift"; sourceTree = "<group>"; };
		EF96A5372446649500D6A983 /* MarvelData.swift */ = {isa = PBXFileReference; lastKnownFileType = sourcecode.swift; path = MarvelData.swift; sourceTree = "<group>"; };
		EF96A539244665F000D6A983 /* CharacterURL.swift */ = {isa = PBXFileReference; lastKnownFileType = sourcecode.swift; path = CharacterURL.swift; sourceTree = "<group>"; };
		EF96A53B2446667A00D6A983 /* ServerError.swift */ = {isa = PBXFileReference; lastKnownFileType = sourcecode.swift; path = ServerError.swift; sourceTree = "<group>"; };
		EF96A53D244666AB00D6A983 /* MarvelInfo.swift */ = {isa = PBXFileReference; lastKnownFileType = sourcecode.swift; path = MarvelInfo.swift; sourceTree = "<group>"; };
		EF96A53F2446676800D6A983 /* Character.swift */ = {isa = PBXFileReference; lastKnownFileType = sourcecode.swift; path = Character.swift; sourceTree = "<group>"; };
		EF96A541244667CF00D6A983 /* Thumbnail.swift */ = {isa = PBXFileReference; lastKnownFileType = sourcecode.swift; path = Thumbnail.swift; sourceTree = "<group>"; };
		EF96A544244670C400D6A983 /* Response.swift */ = {isa = PBXFileReference; lastKnownFileType = sourcecode.swift; path = Response.swift; sourceTree = "<group>"; };
		EF96A5462446715C00D6A983 /* Request.swift */ = {isa = PBXFileReference; lastKnownFileType = sourcecode.swift; path = Request.swift; sourceTree = "<group>"; };
		EF96A548244671D900D6A983 /* RequestCharacter.swift */ = {isa = PBXFileReference; lastKnownFileType = sourcecode.swift; path = RequestCharacter.swift; sourceTree = "<group>"; };
		EF96A54A24476AEB00D6A983 /* CharactersTableViewCell.swift */ = {isa = PBXFileReference; lastKnownFileType = sourcecode.swift; path = CharactersTableViewCell.swift; sourceTree = "<group>"; };
		EF96A54B24476AEB00D6A983 /* CharactersTableViewCell.xib */ = {isa = PBXFileReference; lastKnownFileType = file.xib; path = CharactersTableViewCell.xib; sourceTree = "<group>"; };
		EF96A5522447C8B100D6A983 /* CharacterViewController.swift */ = {isa = PBXFileReference; lastKnownFileType = sourcecode.swift; path = CharacterViewController.swift; sourceTree = "<group>"; };
		EF96A5542449ED0B00D6A983 /* UIBaseViewController.swift */ = {isa = PBXFileReference; lastKnownFileType = sourcecode.swift; path = UIBaseViewController.swift; sourceTree = "<group>"; };
		EF9B3BF5244611110087DFD9 /* ViewController.swift */ = {isa = PBXFileReference; lastKnownFileType = sourcecode.swift; path = ViewController.swift; sourceTree = "<group>"; };
		EF9B3BFC2446452F0087DFD9 /* Constants.swift */ = {isa = PBXFileReference; lastKnownFileType = sourcecode.swift; path = Constants.swift; sourceTree = "<group>"; };
		EF9B3C00244645830087DFD9 /* AvenirLTStd-Heavy.otf */ = {isa = PBXFileReference; lastKnownFileType = file; path = "AvenirLTStd-Heavy.otf"; sourceTree = "<group>"; };
		EF9B3C01244645830087DFD9 /* AvenirLTStd-Light.otf */ = {isa = PBXFileReference; lastKnownFileType = file; path = "AvenirLTStd-Light.otf"; sourceTree = "<group>"; };
		EF9B3C02244645840087DFD9 /* AvenirLTStd-Black.otf */ = {isa = PBXFileReference; lastKnownFileType = file; path = "AvenirLTStd-Black.otf"; sourceTree = "<group>"; };
		EF9B3C03244645840087DFD9 /* AvenirLTStd-Medium.otf */ = {isa = PBXFileReference; lastKnownFileType = file; path = "AvenirLTStd-Medium.otf"; sourceTree = "<group>"; };
		EF9B3C08244645D60087DFD9 /* Fonts.swift */ = {isa = PBXFileReference; lastKnownFileType = sourcecode.swift; path = Fonts.swift; sourceTree = "<group>"; };
		EF9B3C0B244645FC0087DFD9 /* Color+Extension.swift */ = {isa = PBXFileReference; lastKnownFileType = sourcecode.swift; path = "Color+Extension.swift"; sourceTree = "<group>"; };
		EF9B3C0D244646270087DFD9 /* Theme.swift */ = {isa = PBXFileReference; lastKnownFileType = sourcecode.swift; path = Theme.swift; sourceTree = "<group>"; };
		EF9B3C11244661770087DFD9 /* MarvelAPI.swift */ = {isa = PBXFileReference; lastKnownFileType = sourcecode.swift; path = MarvelAPI.swift; sourceTree = "<group>"; };
		EFB37D132457451C0072ECD7 /* md5.swift */ = {isa = PBXFileReference; fileEncoding = 4; lastKnownFileType = sourcecode.swift; path = md5.swift; sourceTree = "<group>"; };
		EFB37D15245769AC0072ECD7 /* Items.swift */ = {isa = PBXFileReference; fileEncoding = 4; lastKnownFileType = sourcecode.swift; path = Items.swift; sourceTree = "<group>"; };
		EFB37D1724578CC50072ECD7 /* ComicData.storyboard */ = {isa = PBXFileReference; lastKnownFileType = file.storyboard; path = ComicData.storyboard; sourceTree = "<group>"; };
		EFB37D1924578CFD0072ECD7 /* ComicDataViewController.swift */ = {isa = PBXFileReference; lastKnownFileType = sourcecode.swift; path = ComicDataViewController.swift; sourceTree = "<group>"; };
		EFB37D1B2457B7320072ECD7 /* RequestComic.swift */ = {isa = PBXFileReference; lastKnownFileType = sourcecode.swift; path = RequestComic.swift; sourceTree = "<group>"; };
		EFB37D1D245910F40072ECD7 /* Comic.swift */ = {isa = PBXFileReference; lastKnownFileType = sourcecode.swift; path = Comic.swift; sourceTree = "<group>"; };
		EFB37D1F2459114B0072ECD7 /* Prices.swift */ = {isa = PBXFileReference; lastKnownFileType = sourcecode.swift; path = Prices.swift; sourceTree = "<group>"; };
		FF7D73C8D0390BA992C332CB /* Pods-MarvelApp-MarvelAppUITests.release.xcconfig */ = {isa = PBXFileReference; includeInIndex = 1; lastKnownFileType = text.xcconfig; name = "Pods-MarvelApp-MarvelAppUITests.release.xcconfig"; path = "Target Support Files/Pods-MarvelApp-MarvelAppUITests/Pods-MarvelApp-MarvelAppUITests.release.xcconfig"; sourceTree = "<group>"; };
/* End PBXFileReference section */

/* Begin PBXFrameworksBuildPhase section */
		EF1F16AA2432932400D9FF19 /* Frameworks */ = {
			isa = PBXFrameworksBuildPhase;
			buildActionMask = 2147483647;
			files = (
				0663D8D0B1076D8656BE25A2 /* libPods-MarvelApp.a in Frameworks */,
			);
			runOnlyForDeploymentPostprocessing = 0;
		};
		EF1F16C02432932600D9FF19 /* Frameworks */ = {
			isa = PBXFrameworksBuildPhase;
			buildActionMask = 2147483647;
			files = (
				3F73BD31FF449331D3ECF948 /* libPods-MarvelAppTests.a in Frameworks */,
			);
			runOnlyForDeploymentPostprocessing = 0;
		};
		EF1F16CB2432932600D9FF19 /* Frameworks */ = {
			isa = PBXFrameworksBuildPhase;
			buildActionMask = 2147483647;
			files = (
				1B5D76C00A0BDEB6B19DC162 /* libPods-MarvelApp-MarvelAppUITests.a in Frameworks */,
			);
			runOnlyForDeploymentPostprocessing = 0;
		};
/* End PBXFrameworksBuildPhase section */

/* Begin PBXGroup section */
		9A32C511FC531BC5D6951F01 /* Frameworks */ = {
			isa = PBXGroup;
			children = (
				B6FEA22EDD8079E9CECE8A55 /* libPods-MarvelApp.a */,
				2FB08F242BEE716AB24CDA17 /* libPods-MarvelApp-MarvelAppUITests.a */,
				10D6C3A5CD1F854CB630CB9F /* libPods-MarvelAppTests.a */,
			);
			name = Frameworks;
			sourceTree = "<group>";
		};
		CDE8CCBBBED7C8FFBF120C8E /* Pods */ = {
			isa = PBXGroup;
			children = (
				55790842D7A394BCB9C0E6A1 /* Pods-MarvelApp.debug.xcconfig */,
				8A2055F6B9FDB88EB17E1504 /* Pods-MarvelApp.release.xcconfig */,
				9DB2466039749DE4B484E8CC /* Pods-MarvelApp-MarvelAppUITests.debug.xcconfig */,
				FF7D73C8D0390BA992C332CB /* Pods-MarvelApp-MarvelAppUITests.release.xcconfig */,
				5A27AF7B5FC742CD841EA9C5 /* Pods-MarvelAppTests.debug.xcconfig */,
				AFB028B5D9E81DB4AA4FC15B /* Pods-MarvelAppTests.release.xcconfig */,
				59610BAC563C780E4BDCD674 /* Pods-MarvelAppUITests.debug.xcconfig */,
				6B56CAF2245243E70EF09728 /* Pods-MarvelAppUITests.release.xcconfig */,
			);
			path = Pods;
			sourceTree = "<group>";
		};
		EF1F16A42432932400D9FF19 = {
			isa = PBXGroup;
			children = (
				EF1F16AF2432932400D9FF19 /* MarvelApp */,
				EF1F16C62432932600D9FF19 /* MarvelAppTests */,
				EF1F16D12432932600D9FF19 /* MarvelAppUITests */,
				EF1F16AE2432932400D9FF19 /* Products */,
				CDE8CCBBBED7C8FFBF120C8E /* Pods */,
				9A32C511FC531BC5D6951F01 /* Frameworks */,
			);
			sourceTree = "<group>";
		};
		EF1F16AE2432932400D9FF19 /* Products */ = {
			isa = PBXGroup;
			children = (
				EF1F16AD2432932400D9FF19 /* MarvelApp.app */,
				EF1F16C32432932600D9FF19 /* MarvelAppTests.xctest */,
				EF1F16CE2432932600D9FF19 /* MarvelAppUITests.xctest */,
			);
			name = Products;
			sourceTree = "<group>";
		};
		EF1F16AF2432932400D9FF19 /* MarvelApp */ = {
			isa = PBXGroup;
			children = (
				EF1F17702433BE3600D9FF19 /* Assets */,
				EF1F17002433742000D9FF19 /* Cells */,
				EF96A556244A011300D6A983 /* Controllers */,
				EF96A5362446647700D6A983 /* Models */,
				EF96A543244670B000D6A983 /* ViewModel */,
				EF96A5512447C88E00D6A983 /* Views */,
				EF1F16E02432938F00D9FF19 /* Services */,
				EF1F174024338BB000D9FF19 /* Theme */,
				EF1F16B02432932400D9FF19 /* AppDelegate.swift */,
				EF1F16B22432932400D9FF19 /* SceneDelegate.swift */,
				EF1F16BE2432932600D9FF19 /* Info.plist */,
			);
			path = MarvelApp;
			sourceTree = "<group>";
		};
		EF1F16C62432932600D9FF19 /* MarvelAppTests */ = {
			isa = PBXGroup;
			children = (
				EF1F16C92432932600D9FF19 /* Info.plist */,
				EF1F177F2434D33700D9FF19 /* ListTests.swift */,
			);
			path = MarvelAppTests;
			sourceTree = "<group>";
		};
		EF1F16D12432932600D9FF19 /* MarvelAppUITests */ = {
			isa = PBXGroup;
			children = (
				EF1F16D22432932600D9FF19 /* MarvelAppUITests.swift */,
				EF1F16D42432932600D9FF19 /* Info.plist */,
				EF1F17812434D72E00D9FF19 /* ListUITests.swift */,
			);
			path = MarvelAppUITests;
			sourceTree = "<group>";
		};
		EF1F16E02432938F00D9FF19 /* Services */ = {
			isa = PBXGroup;
			children = (
				EF9B3C11244661770087DFD9 /* MarvelAPI.swift */,
				EFB37D132457451C0072ECD7 /* md5.swift */,
			);
			path = Services;
			sourceTree = "<group>";
		};
		EF1F16E3243293DC00D9FF19 /* Extensions */ = {
			isa = PBXGroup;
			children = (
				EF9B3C0B244645FC0087DFD9 /* Color+Extension.swift */,
				EF96A534244663B200D6A983 /* Dictionary+queryString.swift */,
				EF1F176C2433956800D9FF19 /* UIViewController+Extensions.swift */,
			);
			path = Extensions;
			sourceTree = "<group>";
		};
		EF1F17002433742000D9FF19 /* Cells */ = {
			isa = PBXGroup;
			children = (
				EF65E30124533F6200EC15E3 /* ItemCharacterDetail */,
				EF9B3BF724462B530087DFD9 /* ListItem */,
			);
			path = Cells;
			sourceTree = "<group>";
		};
		EF1F174024338BB000D9FF19 /* Theme */ = {
			isa = PBXGroup;
			children = (
				EF1F16E3243293DC00D9FF19 /* Extensions */,
				EF9B3BFC2446452F0087DFD9 /* Constants.swift */,
				EF9B3C08244645D60087DFD9 /* Fonts.swift */,
				EF9B3C0D244646270087DFD9 /* Theme.swift */,
				EF96A5542449ED0B00D6A983 /* UIBaseViewController.swift */,
			);
			path = Theme;
			sourceTree = "<group>";
		};
		EF1F17702433BE3600D9FF19 /* Assets */ = {
			isa = PBXGroup;
			children = (
				EF1F16B92432932600D9FF19 /* Assets.xcassets */,
				EF9B3BFF244645730087DFD9 /* Fonts */,
			);
			path = Assets;
			sourceTree = "<group>";
		};
		EF65E30124533F6200EC15E3 /* ItemCharacterDetail */ = {
			isa = PBXGroup;
			children = (
				EF65E304245340B600EC15E3 /* ItemDetailTableViewCell.swift */,
				EF65E305245340B600EC15E3 /* ItemDetailTableViewCell.xib */,
			);
			path = ItemCharacterDetail;
			sourceTree = "<group>";
		};
		EF96A5362446647700D6A983 /* Models */ = {
			isa = PBXGroup;
			children = (
				EF96A539244665F000D6A983 /* CharacterURL.swift */,
				EF96A5372446649500D6A983 /* MarvelData.swift */,
				EF96A53D244666AB00D6A983 /* MarvelInfo.swift */,
				EF96A53B2446667A00D6A983 /* ServerError.swift */,
				EF96A53F2446676800D6A983 /* Character.swift */,
				EF96A541244667CF00D6A983 /* Thumbnail.swift */,
				EFB37D15245769AC0072ECD7 /* Items.swift */,
				EF65E2FD2453223400EC15E3 /* Comics.swift */,
				EFB37D1D245910F40072ECD7 /* Comic.swift */,
				EFB37D1F2459114B0072ECD7 /* Prices.swift */,
			);
			path = Models;
			sourceTree = "<group>";
		};
		EF96A543244670B000D6A983 /* ViewModel */ = {
			isa = PBXGroup;
			children = (
				EF96A544244670C400D6A983 /* Response.swift */,
				EF96A5462446715C00D6A983 /* Request.swift */,
				EF96A548244671D900D6A983 /* RequestCharacter.swift */,
				EFB37D1B2457B7320072ECD7 /* RequestComic.swift */,
			);
			path = ViewModel;
			sourceTree = "<group>";
		};
		EF96A5512447C88E00D6A983 /* Views */ = {
			isa = PBXGroup;
			children = (
				EF1F16B62432932400D9FF19 /* Main.storyboard */,
				EF1F16BB2432932600D9FF19 /* LaunchScreen.storyboard */,
				EFB37D1724578CC50072ECD7 /* ComicData.storyboard */,
			);
			path = Views;
			sourceTree = "<group>";
		};
		EF96A556244A011300D6A983 /* Controllers */ = {
			isa = PBXGroup;
			children = (
				EF96A5522447C8B100D6A983 /* CharacterViewController.swift */,
				EF9B3BF5244611110087DFD9 /* ViewController.swift */,
				EFB37D1924578CFD0072ECD7 /* ComicDataViewController.swift */,
			);
			path = Controllers;
			sourceTree = "<group>";
		};
		EF9B3BF724462B530087DFD9 /* ListItem */ = {
			isa = PBXGroup;
			children = (
				EF96A54A24476AEB00D6A983 /* CharactersTableViewCell.swift */,
				EF96A54B24476AEB00D6A983 /* CharactersTableViewCell.xib */,
			);
			path = ListItem;
			sourceTree = "<group>";
		};
		EF9B3BFF244645730087DFD9 /* Fonts */ = {
			isa = PBXGroup;
			children = (
				EF9B3C02244645840087DFD9 /* AvenirLTStd-Black.otf */,
				EF9B3C00244645830087DFD9 /* AvenirLTStd-Heavy.otf */,
				EF9B3C01244645830087DFD9 /* AvenirLTStd-Light.otf */,
				EF9B3C03244645840087DFD9 /* AvenirLTStd-Medium.otf */,
			);
			path = Fonts;
			sourceTree = "<group>";
		};
/* End PBXGroup section */

/* Begin PBXNativeTarget section */
		EF1F16AC2432932400D9FF19 /* MarvelApp */ = {
			isa = PBXNativeTarget;
			buildConfigurationList = EF1F16D72432932600D9FF19 /* Build configuration list for PBXNativeTarget "MarvelApp" */;
			buildPhases = (
				9FC38FA1D38E805D8171A2BD /* [CP] Check Pods Manifest.lock */,
				EF1F16A92432932400D9FF19 /* Sources */,
				EF1F16AA2432932400D9FF19 /* Frameworks */,
				EF1F16AB2432932400D9FF19 /* Resources */,
			);
			buildRules = (
			);
			dependencies = (
			);
			name = MarvelApp;
			productName = MarvelApp;
			productReference = EF1F16AD2432932400D9FF19 /* MarvelApp.app */;
			productType = "com.apple.product-type.application";
		};
		EF1F16C22432932600D9FF19 /* MarvelAppTests */ = {
			isa = PBXNativeTarget;
			buildConfigurationList = EF1F16DA2432932600D9FF19 /* Build configuration list for PBXNativeTarget "MarvelAppTests" */;
			buildPhases = (
				AF5B016A32B1890B5B04D6A2 /* [CP] Check Pods Manifest.lock */,
				EF1F16BF2432932600D9FF19 /* Sources */,
				EF1F16C02432932600D9FF19 /* Frameworks */,
				EF1F16C12432932600D9FF19 /* Resources */,
			);
			buildRules = (
			);
			dependencies = (
				EF1F16C52432932600D9FF19 /* PBXTargetDependency */,
			);
			name = MarvelAppTests;
			productName = MarvelAppTests;
			productReference = EF1F16C32432932600D9FF19 /* MarvelAppTests.xctest */;
			productType = "com.apple.product-type.bundle.unit-test";
		};
		EF1F16CD2432932600D9FF19 /* MarvelAppUITests */ = {
			isa = PBXNativeTarget;
			buildConfigurationList = EF1F16DD2432932600D9FF19 /* Build configuration list for PBXNativeTarget "MarvelAppUITests" */;
			buildPhases = (
				034788DC854A4B15D8CC36E9 /* [CP] Check Pods Manifest.lock */,
				EF1F16CA2432932600D9FF19 /* Sources */,
				EF1F16CB2432932600D9FF19 /* Frameworks */,
				EF1F16CC2432932600D9FF19 /* Resources */,
			);
			buildRules = (
			);
			dependencies = (
				EF1F16D02432932600D9FF19 /* PBXTargetDependency */,
			);
			name = MarvelAppUITests;
			productName = MarvelAppUITests;
			productReference = EF1F16CE2432932600D9FF19 /* MarvelAppUITests.xctest */;
			productType = "com.apple.product-type.bundle.ui-testing";
		};
/* End PBXNativeTarget section */

/* Begin PBXProject section */
		EF1F16A52432932400D9FF19 /* Project object */ = {
			isa = PBXProject;
			attributes = {
				LastSwiftUpdateCheck = 1130;
				LastUpgradeCheck = 1130;
				ORGANIZATIONNAME = tcasablancas;
				TargetAttributes = {
					EF1F16AC2432932400D9FF19 = {
						CreatedOnToolsVersion = 11.3;
					};
					EF1F16C22432932600D9FF19 = {
						CreatedOnToolsVersion = 11.3;
						TestTargetID = EF1F16AC2432932400D9FF19;
					};
					EF1F16CD2432932600D9FF19 = {
						CreatedOnToolsVersion = 11.3;
						TestTargetID = EF1F16AC2432932400D9FF19;
					};
				};
			};
			buildConfigurationList = EF1F16A82432932400D9FF19 /* Build configuration list for PBXProject "MarvelApp" */;
			compatibilityVersion = "Xcode 9.3";
			developmentRegion = en;
			hasScannedForEncodings = 0;
			knownRegions = (
				en,
				Base,
			);
			mainGroup = EF1F16A42432932400D9FF19;
			productRefGroup = EF1F16AE2432932400D9FF19 /* Products */;
			projectDirPath = "";
			projectRoot = "";
			targets = (
				EF1F16AC2432932400D9FF19 /* MarvelApp */,
				EF1F16C22432932600D9FF19 /* MarvelAppTests */,
				EF1F16CD2432932600D9FF19 /* MarvelAppUITests */,
			);
		};
/* End PBXProject section */

/* Begin PBXResourcesBuildPhase section */
		EF1F16AB2432932400D9FF19 /* Resources */ = {
			isa = PBXResourcesBuildPhase;
			buildActionMask = 2147483647;
			files = (
				EF1F16BD2432932600D9FF19 /* LaunchScreen.storyboard in Resources */,
				EF9B3C05244645840087DFD9 /* AvenirLTStd-Light.otf in Resources */,
				EFB37D1824578CC50072ECD7 /* ComicData.storyboard in Resources */,
				EF1F16BA2432932600D9FF19 /* Assets.xcassets in Resources */,
				EF9B3C04244645840087DFD9 /* AvenirLTStd-Heavy.otf in Resources */,
				EF65E307245340B600EC15E3 /* ItemDetailTableViewCell.xib in Resources */,
				EF1F16B82432932400D9FF19 /* Main.storyboard in Resources */,
				EF9B3C07244645840087DFD9 /* AvenirLTStd-Medium.otf in Resources */,
				EF9B3C06244645840087DFD9 /* AvenirLTStd-Black.otf in Resources */,
				EF96A54D24476AEB00D6A983 /* CharactersTableViewCell.xib in Resources */,
			);
			runOnlyForDeploymentPostprocessing = 0;
		};
		EF1F16C12432932600D9FF19 /* Resources */ = {
			isa = PBXResourcesBuildPhase;
			buildActionMask = 2147483647;
			files = (
			);
			runOnlyForDeploymentPostprocessing = 0;
		};
		EF1F16CC2432932600D9FF19 /* Resources */ = {
			isa = PBXResourcesBuildPhase;
			buildActionMask = 2147483647;
			files = (
			);
			runOnlyForDeploymentPostprocessing = 0;
		};
/* End PBXResourcesBuildPhase section */

/* Begin PBXShellScriptBuildPhase section */
		034788DC854A4B15D8CC36E9 /* [CP] Check Pods Manifest.lock */ = {
			isa = PBXShellScriptBuildPhase;
			buildActionMask = 2147483647;
			files = (
			);
			inputFileListPaths = (
			);
			inputPaths = (
				"${PODS_PODFILE_DIR_PATH}/Podfile.lock",
				"${PODS_ROOT}/Manifest.lock",
			);
			name = "[CP] Check Pods Manifest.lock";
			outputFileListPaths = (
			);
			outputPaths = (
				"$(DERIVED_FILE_DIR)/Pods-MarvelApp-MarvelAppUITests-checkManifestLockResult.txt",
			);
			runOnlyForDeploymentPostprocessing = 0;
			shellPath = /bin/sh;
			shellScript = "diff \"${PODS_PODFILE_DIR_PATH}/Podfile.lock\" \"${PODS_ROOT}/Manifest.lock\" > /dev/null\nif [ $? != 0 ] ; then\n    # print error to STDERR\n    echo \"error: The sandbox is not in sync with the Podfile.lock. Run 'pod install' or update your CocoaPods installation.\" >&2\n    exit 1\nfi\n# This output is used by Xcode 'outputs' to avoid re-running this script phase.\necho \"SUCCESS\" > \"${SCRIPT_OUTPUT_FILE_0}\"\n";
			showEnvVarsInLog = 0;
		};
		9FC38FA1D38E805D8171A2BD /* [CP] Check Pods Manifest.lock */ = {
			isa = PBXShellScriptBuildPhase;
			buildActionMask = 2147483647;
			files = (
			);
			inputFileListPaths = (
			);
			inputPaths = (
				"${PODS_PODFILE_DIR_PATH}/Podfile.lock",
				"${PODS_ROOT}/Manifest.lock",
			);
			name = "[CP] Check Pods Manifest.lock";
			outputFileListPaths = (
			);
			outputPaths = (
				"$(DERIVED_FILE_DIR)/Pods-MarvelApp-checkManifestLockResult.txt",
			);
			runOnlyForDeploymentPostprocessing = 0;
			shellPath = /bin/sh;
			shellScript = "diff \"${PODS_PODFILE_DIR_PATH}/Podfile.lock\" \"${PODS_ROOT}/Manifest.lock\" > /dev/null\nif [ $? != 0 ] ; then\n    # print error to STDERR\n    echo \"error: The sandbox is not in sync with the Podfile.lock. Run 'pod install' or update your CocoaPods installation.\" >&2\n    exit 1\nfi\n# This output is used by Xcode 'outputs' to avoid re-running this script phase.\necho \"SUCCESS\" > \"${SCRIPT_OUTPUT_FILE_0}\"\n";
			showEnvVarsInLog = 0;
		};
		AF5B016A32B1890B5B04D6A2 /* [CP] Check Pods Manifest.lock */ = {
			isa = PBXShellScriptBuildPhase;
			buildActionMask = 2147483647;
			files = (
			);
			inputFileListPaths = (
			);
			inputPaths = (
				"${PODS_PODFILE_DIR_PATH}/Podfile.lock",
				"${PODS_ROOT}/Manifest.lock",
			);
			name = "[CP] Check Pods Manifest.lock";
			outputFileListPaths = (
			);
			outputPaths = (
				"$(DERIVED_FILE_DIR)/Pods-MarvelAppTests-checkManifestLockResult.txt",
			);
			runOnlyForDeploymentPostprocessing = 0;
			shellPath = /bin/sh;
			shellScript = "diff \"${PODS_PODFILE_DIR_PATH}/Podfile.lock\" \"${PODS_ROOT}/Manifest.lock\" > /dev/null\nif [ $? != 0 ] ; then\n    # print error to STDERR\n    echo \"error: The sandbox is not in sync with the Podfile.lock. Run 'pod install' or update your CocoaPods installation.\" >&2\n    exit 1\nfi\n# This output is used by Xcode 'outputs' to avoid re-running this script phase.\necho \"SUCCESS\" > \"${SCRIPT_OUTPUT_FILE_0}\"\n";
			showEnvVarsInLog = 0;
		};
/* End PBXShellScriptBuildPhase section */

/* Begin PBXSourcesBuildPhase section */
		EF1F16A92432932400D9FF19 /* Sources */ = {
			isa = PBXSourcesBuildPhase;
			buildActionMask = 2147483647;
			files = (
				EFB37D142457451D0072ECD7 /* md5.swift in Sources */,
				EF96A542244667CF00D6A983 /* Thumbnail.swift in Sources */,
				EF9B3BF6244611110087DFD9 /* ViewController.swift in Sources */,
				EF9B3C0C244645FC0087DFD9 /* Color+Extension.swift in Sources */,
				EFB37D16245769AD0072ECD7 /* Items.swift in Sources */,
				EF96A54C24476AEB00D6A983 /* CharactersTableViewCell.swift in Sources */,
				EF96A53A244665F000D6A983 /* CharacterURL.swift in Sources */,
				EF96A545244670C400D6A983 /* Response.swift in Sources */,
				EF96A53E244666AB00D6A983 /* MarvelInfo.swift in Sources */,
				EF9B3BFD2446452F0087DFD9 /* Constants.swift in Sources */,
				EF96A53C2446667A00D6A983 /* ServerError.swift in Sources */,
				EF96A5532447C8B100D6A983 /* CharacterViewController.swift in Sources */,
				EFB37D1A24578CFD0072ECD7 /* ComicDataViewController.swift in Sources */,
				EF96A5402446676800D6A983 /* Character.swift in Sources */,
				EF9B3C09244645D60087DFD9 /* Fonts.swift in Sources */,
				EF1F16B12432932400D9FF19 /* AppDelegate.swift in Sources */,
				EF65E306245340B600EC15E3 /* ItemDetailTableViewCell.swift in Sources */,
				EFB37D202459114B0072ECD7 /* Prices.swift in Sources */,
				EFB37D1C2457B7320072ECD7 /* RequestComic.swift in Sources */,
				EFB37D1E245910F40072ECD7 /* Comic.swift in Sources */,
				EF96A549244671D900D6A983 /* RequestCharacter.swift in Sources */,
				EF65E2FE2453223400EC15E3 /* Comics.swift in Sources */,
				EF9B3C12244661770087DFD9 /* MarvelAPI.swift in Sources */,
				EF96A5472446715C00D6A983 /* Request.swift in Sources */,
				EF9B3C0E244646270087DFD9 /* Theme.swift in Sources */,
				EF96A5382446649500D6A983 /* MarvelData.swift in Sources */,
				EF1F16B32432932400D9FF19 /* SceneDelegate.swift in Sources */,
				EF96A5552449ED0B00D6A983 /* UIBaseViewController.swift in Sources */,
				EF1F176D2433956800D9FF19 /* UIViewController+Extensions.swift in Sources */,
				EF96A535244663B200D6A983 /* Dictionary+queryString.swift in Sources */,
			);
			runOnlyForDeploymentPostprocessing = 0;
		};
		EF1F16BF2432932600D9FF19 /* Sources */ = {
			isa = PBXSourcesBuildPhase;
			buildActionMask = 2147483647;
			files = (
				EF1F17802434D33700D9FF19 /* ListTests.swift in Sources */,
			);
			runOnlyForDeploymentPostprocessing = 0;
		};
		EF1F16CA2432932600D9FF19 /* Sources */ = {
			isa = PBXSourcesBuildPhase;
			buildActionMask = 2147483647;
			files = (
				EF1F16D32432932600D9FF19 /* MarvelAppUITests.swift in Sources */,
				EF1F17822434D72E00D9FF19 /* ListUITests.swift in Sources */,
			);
			runOnlyForDeploymentPostprocessing = 0;
		};
/* End PBXSourcesBuildPhase section */

/* Begin PBXTargetDependency section */
		EF1F16C52432932600D9FF19 /* PBXTargetDependency */ = {
			isa = PBXTargetDependency;
			target = EF1F16AC2432932400D9FF19 /* MarvelApp */;
			targetProxy = EF1F16C42432932600D9FF19 /* PBXContainerItemProxy */;
		};
		EF1F16D02432932600D9FF19 /* PBXTargetDependency */ = {
			isa = PBXTargetDependency;
			target = EF1F16AC2432932400D9FF19 /* MarvelApp */;
			targetProxy = EF1F16CF2432932600D9FF19 /* PBXContainerItemProxy */;
		};
/* End PBXTargetDependency section */

/* Begin PBXVariantGroup section */
		EF1F16B62432932400D9FF19 /* Main.storyboard */ = {
			isa = PBXVariantGroup;
			children = (
				EF1F16B72432932400D9FF19 /* Base */,
			);
			name = Main.storyboard;
			sourceTree = "<group>";
		};
		EF1F16BB2432932600D9FF19 /* LaunchScreen.storyboard */ = {
			isa = PBXVariantGroup;
			children = (
				EF1F16BC2432932600D9FF19 /* Base */,
			);
			name = LaunchScreen.storyboard;
			sourceTree = "<group>";
		};
/* End PBXVariantGroup section */

/* Begin XCBuildConfiguration section */
		EF1F16D52432932600D9FF19 /* Debug */ = {
			isa = XCBuildConfiguration;
			buildSettings = {
				ALWAYS_SEARCH_USER_PATHS = NO;
				CLANG_ANALYZER_NONNULL = YES;
				CLANG_ANALYZER_NUMBER_OBJECT_CONVERSION = YES_AGGRESSIVE;
				CLANG_CXX_LANGUAGE_STANDARD = "gnu++14";
				CLANG_CXX_LIBRARY = "libc++";
				CLANG_ENABLE_MODULES = YES;
				CLANG_ENABLE_OBJC_ARC = YES;
				CLANG_ENABLE_OBJC_WEAK = YES;
				CLANG_WARN_BLOCK_CAPTURE_AUTORELEASING = YES;
				CLANG_WARN_BOOL_CONVERSION = YES;
				CLANG_WARN_COMMA = YES;
				CLANG_WARN_CONSTANT_CONVERSION = YES;
				CLANG_WARN_DEPRECATED_OBJC_IMPLEMENTATIONS = YES;
				CLANG_WARN_DIRECT_OBJC_ISA_USAGE = YES_ERROR;
				CLANG_WARN_DOCUMENTATION_COMMENTS = YES;
				CLANG_WARN_EMPTY_BODY = YES;
				CLANG_WARN_ENUM_CONVERSION = YES;
				CLANG_WARN_INFINITE_RECURSION = YES;
				CLANG_WARN_INT_CONVERSION = YES;
				CLANG_WARN_NON_LITERAL_NULL_CONVERSION = YES;
				CLANG_WARN_OBJC_IMPLICIT_RETAIN_SELF = YES;
				CLANG_WARN_OBJC_LITERAL_CONVERSION = YES;
				CLANG_WARN_OBJC_ROOT_CLASS = YES_ERROR;
				CLANG_WARN_RANGE_LOOP_ANALYSIS = YES;
				CLANG_WARN_STRICT_PROTOTYPES = YES;
				CLANG_WARN_SUSPICIOUS_MOVE = YES;
				CLANG_WARN_UNGUARDED_AVAILABILITY = YES_AGGRESSIVE;
				CLANG_WARN_UNREACHABLE_CODE = YES;
				CLANG_WARN__DUPLICATE_METHOD_MATCH = YES;
				COPY_PHASE_STRIP = NO;
				DEBUG_INFORMATION_FORMAT = dwarf;
				ENABLE_STRICT_OBJC_MSGSEND = YES;
				ENABLE_TESTABILITY = YES;
				GCC_C_LANGUAGE_STANDARD = gnu11;
				GCC_DYNAMIC_NO_PIC = NO;
				GCC_NO_COMMON_BLOCKS = YES;
				GCC_OPTIMIZATION_LEVEL = 0;
				GCC_PREPROCESSOR_DEFINITIONS = (
					"DEBUG=1",
					"$(inherited)",
				);
				GCC_WARN_64_TO_32_BIT_CONVERSION = YES;
				GCC_WARN_ABOUT_RETURN_TYPE = YES_ERROR;
				GCC_WARN_UNDECLARED_SELECTOR = YES;
				GCC_WARN_UNINITIALIZED_AUTOS = YES_AGGRESSIVE;
				GCC_WARN_UNUSED_FUNCTION = YES;
				GCC_WARN_UNUSED_VARIABLE = YES;
				IPHONEOS_DEPLOYMENT_TARGET = 13.2;
				MTL_ENABLE_DEBUG_INFO = INCLUDE_SOURCE;
				MTL_FAST_MATH = YES;
				ONLY_ACTIVE_ARCH = YES;
				SDKROOT = iphoneos;
				SWIFT_ACTIVE_COMPILATION_CONDITIONS = DEBUG;
				SWIFT_OPTIMIZATION_LEVEL = "-Onone";
			};
			name = Debug;
		};
		EF1F16D62432932600D9FF19 /* Release */ = {
			isa = XCBuildConfiguration;
			buildSettings = {
				ALWAYS_SEARCH_USER_PATHS = NO;
				CLANG_ANALYZER_NONNULL = YES;
				CLANG_ANALYZER_NUMBER_OBJECT_CONVERSION = YES_AGGRESSIVE;
				CLANG_CXX_LANGUAGE_STANDARD = "gnu++14";
				CLANG_CXX_LIBRARY = "libc++";
				CLANG_ENABLE_MODULES = YES;
				CLANG_ENABLE_OBJC_ARC = YES;
				CLANG_ENABLE_OBJC_WEAK = YES;
				CLANG_WARN_BLOCK_CAPTURE_AUTORELEASING = YES;
				CLANG_WARN_BOOL_CONVERSION = YES;
				CLANG_WARN_COMMA = YES;
				CLANG_WARN_CONSTANT_CONVERSION = YES;
				CLANG_WARN_DEPRECATED_OBJC_IMPLEMENTATIONS = YES;
				CLANG_WARN_DIRECT_OBJC_ISA_USAGE = YES_ERROR;
				CLANG_WARN_DOCUMENTATION_COMMENTS = YES;
				CLANG_WARN_EMPTY_BODY = YES;
				CLANG_WARN_ENUM_CONVERSION = YES;
				CLANG_WARN_INFINITE_RECURSION = YES;
				CLANG_WARN_INT_CONVERSION = YES;
				CLANG_WARN_NON_LITERAL_NULL_CONVERSION = YES;
				CLANG_WARN_OBJC_IMPLICIT_RETAIN_SELF = YES;
				CLANG_WARN_OBJC_LITERAL_CONVERSION = YES;
				CLANG_WARN_OBJC_ROOT_CLASS = YES_ERROR;
				CLANG_WARN_RANGE_LOOP_ANALYSIS = YES;
				CLANG_WARN_STRICT_PROTOTYPES = YES;
				CLANG_WARN_SUSPICIOUS_MOVE = YES;
				CLANG_WARN_UNGUARDED_AVAILABILITY = YES_AGGRESSIVE;
				CLANG_WARN_UNREACHABLE_CODE = YES;
				CLANG_WARN__DUPLICATE_METHOD_MATCH = YES;
				COPY_PHASE_STRIP = NO;
				DEBUG_INFORMATION_FORMAT = "dwarf-with-dsym";
				ENABLE_NS_ASSERTIONS = NO;
				ENABLE_STRICT_OBJC_MSGSEND = YES;
				GCC_C_LANGUAGE_STANDARD = gnu11;
				GCC_NO_COMMON_BLOCKS = YES;
				GCC_WARN_64_TO_32_BIT_CONVERSION = YES;
				GCC_WARN_ABOUT_RETURN_TYPE = YES_ERROR;
				GCC_WARN_UNDECLARED_SELECTOR = YES;
				GCC_WARN_UNINITIALIZED_AUTOS = YES_AGGRESSIVE;
				GCC_WARN_UNUSED_FUNCTION = YES;
				GCC_WARN_UNUSED_VARIABLE = YES;
				IPHONEOS_DEPLOYMENT_TARGET = 13.2;
				MTL_ENABLE_DEBUG_INFO = NO;
				MTL_FAST_MATH = YES;
				SDKROOT = iphoneos;
				SWIFT_COMPILATION_MODE = wholemodule;
				SWIFT_OPTIMIZATION_LEVEL = "-O";
				VALIDATE_PRODUCT = YES;
			};
			name = Release;
		};
		EF1F16D82432932600D9FF19 /* Debug */ = {
			isa = XCBuildConfiguration;
			baseConfigurationReference = 55790842D7A394BCB9C0E6A1 /* Pods-MarvelApp.debug.xcconfig */;
			buildSettings = {
				ASSETCATALOG_COMPILER_APPICON_NAME = AppIcon;
				CODE_SIGN_STYLE = Automatic;
				DEVELOPMENT_TEAM = F48MGZ2AUR;
				ENABLE_BITCODE = NO;
				INFOPLIST_FILE = MarvelApp/Info.plist;
				LD_RUNPATH_SEARCH_PATHS = (
					"$(inherited)",
					"@executable_path/Frameworks",
				);
				PRODUCT_BUNDLE_IDENTIFIER = tcasablancas.MarvelApp;
				PRODUCT_NAME = "$(TARGET_NAME)";
				SWIFT_VERSION = 5.0;
				TARGETED_DEVICE_FAMILY = "1,2";
			};
			name = Debug;
		};
		EF1F16D92432932600D9FF19 /* Release */ = {
			isa = XCBuildConfiguration;
			baseConfigurationReference = 8A2055F6B9FDB88EB17E1504 /* Pods-MarvelApp.release.xcconfig */;
			buildSettings = {
				ASSETCATALOG_COMPILER_APPICON_NAME = AppIcon;
				CODE_SIGN_STYLE = Automatic;
				DEVELOPMENT_TEAM = F48MGZ2AUR;
				ENABLE_BITCODE = NO;
				INFOPLIST_FILE = MarvelApp/Info.plist;
				LD_RUNPATH_SEARCH_PATHS = (
					"$(inherited)",
					"@executable_path/Frameworks",
				);
				PRODUCT_BUNDLE_IDENTIFIER = tcasablancas.MarvelApp;
				PRODUCT_NAME = "$(TARGET_NAME)";
				SWIFT_VERSION = 5.0;
				TARGETED_DEVICE_FAMILY = "1,2";
			};
			name = Release;
		};
		EF1F16DB2432932600D9FF19 /* Debug */ = {
			isa = XCBuildConfiguration;
			baseConfigurationReference = 5A27AF7B5FC742CD841EA9C5 /* Pods-MarvelAppTests.debug.xcconfig */;
			buildSettings = {
				ALWAYS_EMBED_SWIFT_STANDARD_LIBRARIES = YES;
				BUNDLE_LOADER = "$(TEST_HOST)";
				CODE_SIGN_STYLE = Automatic;
				DEVELOPMENT_TEAM = F48MGZ2AUR;
				INFOPLIST_FILE = MarvelAppTests/Info.plist;
				IPHONEOS_DEPLOYMENT_TARGET = 13.2;
				LD_RUNPATH_SEARCH_PATHS = (
					"$(inherited)",
					"@executable_path/Frameworks",
					"@loader_path/Frameworks",
				);
				PRODUCT_BUNDLE_IDENTIFIER = tcasablancas.MarvelAppTests;
				PRODUCT_NAME = "$(TARGET_NAME)";
				SWIFT_VERSION = 5.0;
				TARGETED_DEVICE_FAMILY = "1,2";
				TEST_HOST = "$(BUILT_PRODUCTS_DIR)/MarvelApp.app/MarvelApp";
			};
			name = Debug;
		};
		EF1F16DC2432932600D9FF19 /* Release */ = {
			isa = XCBuildConfiguration;
			baseConfigurationReference = AFB028B5D9E81DB4AA4FC15B /* Pods-MarvelAppTests.release.xcconfig */;
			buildSettings = {
				ALWAYS_EMBED_SWIFT_STANDARD_LIBRARIES = YES;
				BUNDLE_LOADER = "$(TEST_HOST)";
				CODE_SIGN_STYLE = Automatic;
				DEVELOPMENT_TEAM = F48MGZ2AUR;
				INFOPLIST_FILE = MarvelAppTests/Info.plist;
				IPHONEOS_DEPLOYMENT_TARGET = 13.2;
				LD_RUNPATH_SEARCH_PATHS = (
					"$(inherited)",
					"@executable_path/Frameworks",
					"@loader_path/Frameworks",
				);
				PRODUCT_BUNDLE_IDENTIFIER = tcasablancas.MarvelAppTests;
				PRODUCT_NAME = "$(TARGET_NAME)";
				SWIFT_VERSION = 5.0;
				TARGETED_DEVICE_FAMILY = "1,2";
				TEST_HOST = "$(BUILT_PRODUCTS_DIR)/MarvelApp.app/MarvelApp";
			};
			name = Release;
		};
		EF1F16DE2432932600D9FF19 /* Debug */ = {
			isa = XCBuildConfiguration;
			baseConfigurationReference = 9DB2466039749DE4B484E8CC /* Pods-MarvelApp-MarvelAppUITests.debug.xcconfig */;
			buildSettings = {
				ALWAYS_EMBED_SWIFT_STANDARD_LIBRARIES = YES;
				CODE_SIGN_STYLE = Automatic;
				DEVELOPMENT_TEAM = F48MGZ2AUR;
				INFOPLIST_FILE = MarvelAppUITests/Info.plist;
				LD_RUNPATH_SEARCH_PATHS = (
					"$(inherited)",
					"@executable_path/Frameworks",
					"@loader_path/Frameworks",
				);
				PRODUCT_BUNDLE_IDENTIFIER = tcasablancas.MarvelAppUITests;
				PRODUCT_NAME = "$(TARGET_NAME)";
				SWIFT_VERSION = 5.0;
				TARGETED_DEVICE_FAMILY = "1,2";
				TEST_TARGET_NAME = MarvelApp;
			};
			name = Debug;
		};
		EF1F16DF2432932600D9FF19 /* Release */ = {
			isa = XCBuildConfiguration;
			baseConfigurationReference = FF7D73C8D0390BA992C332CB /* Pods-MarvelApp-MarvelAppUITests.release.xcconfig */;
			buildSettings = {
				ALWAYS_EMBED_SWIFT_STANDARD_LIBRARIES = YES;
				CODE_SIGN_STYLE = Automatic;
				DEVELOPMENT_TEAM = F48MGZ2AUR;
				INFOPLIST_FILE = MarvelAppUITests/Info.plist;
				LD_RUNPATH_SEARCH_PATHS = (
					"$(inherited)",
					"@executable_path/Frameworks",
					"@loader_path/Frameworks",
				);
				PRODUCT_BUNDLE_IDENTIFIER = tcasablancas.MarvelAppUITests;
				PRODUCT_NAME = "$(TARGET_NAME)";
				SWIFT_VERSION = 5.0;
				TARGETED_DEVICE_FAMILY = "1,2";
				TEST_TARGET_NAME = MarvelApp;
			};
			name = Release;
		};
/* End XCBuildConfiguration section */

/* Begin XCConfigurationList section */
		EF1F16A82432932400D9FF19 /* Build configuration list for PBXProject "MarvelApp" */ = {
			isa = XCConfigurationList;
			buildConfigurations = (
				EF1F16D52432932600D9FF19 /* Debug */,
				EF1F16D62432932600D9FF19 /* Release */,
			);
			defaultConfigurationIsVisible = 0;
			defaultConfigurationName = Release;
		};
		EF1F16D72432932600D9FF19 /* Build configuration list for PBXNativeTarget "MarvelApp" */ = {
			isa = XCConfigurationList;
			buildConfigurations = (
				EF1F16D82432932600D9FF19 /* Debug */,
				EF1F16D92432932600D9FF19 /* Release */,
			);
			defaultConfigurationIsVisible = 0;
			defaultConfigurationName = Release;
		};
		EF1F16DA2432932600D9FF19 /* Build configuration list for PBXNativeTarget "MarvelAppTests" */ = {
			isa = XCConfigurationList;
			buildConfigurations = (
				EF1F16DB2432932600D9FF19 /* Debug */,
				EF1F16DC2432932600D9FF19 /* Release */,
			);
			defaultConfigurationIsVisible = 0;
			defaultConfigurationName = Release;
		};
		EF1F16DD2432932600D9FF19 /* Build configuration list for PBXNativeTarget "MarvelAppUITests" */ = {
			isa = XCConfigurationList;
			buildConfigurations = (
				EF1F16DE2432932600D9FF19 /* Debug */,
				EF1F16DF2432932600D9FF19 /* Release */,
			);
			defaultConfigurationIsVisible = 0;
			defaultConfigurationName = Release;
		};
/* End XCConfigurationList section */
	};
	rootObject = EF1F16A52432932400D9FF19 /* Project object */;
}
